
Microsoft Visual Studio Solution File, Format Version 12.00
# Visual Studio Version 16
VisualStudioVersion = 16.0.30204.135
MinimumVisualStudioVersion = 10.0.40219.1
Project("{FAE04EC0-301F-11D3-BF4B-00C04F79EFBC}") = "TP3.UWP", "TP3.UWP\TP3.UWP.csproj", "{FEEFF603-C8B6-43BE-90EA-2E2F02CA42FC}"
EndProject
Project("{FAE04EC0-301F-11D3-BF4B-00C04F79EFBC}") = "TP3.Android", "TP3.Android\TP3.Android.csproj", "{14E55F90-A5A6-4F2E-9786-DC7C0BECE153}"
EndProject
Project("{FAE04EC0-301F-11D3-BF4B-00C04F79EFBC}") = "TP3.iOS", "TP3.iOS\TP3.iOS.csproj", "{62B62E6F-6A67-4A2A-875B-3B1852B3EA12}"
EndProject
Project("{FAE04EC0-301F-11D3-BF4B-00C04F79EFBC}") = "TP3", "TP3\TP3.csproj", "{07DDF326-5492-4E52-B6A2-C67D75E73AC9}"
EndProject
Global
	GlobalSection(SolutionConfigurationPlatforms) = preSolution
		Debug|Any CPU = Debug|Any CPU
		Debug|ARM = Debug|ARM
		Debug|iPhone = Debug|iPhone
		Debug|iPhoneSimulator = Debug|iPhoneSimulator
		Debug|x64 = Debug|x64
		Debug|x86 = Debug|x86
		Release|Any CPU = Release|Any CPU
		Release|ARM = Release|ARM
		Release|iPhone = Release|iPhone
		Release|iPhoneSimulator = Release|iPhoneSimulator
		Release|x64 = Release|x64
		Release|x86 = Release|x86
	EndGlobalSection
	GlobalSection(ProjectConfigurationPlatforms) = postSolution
		{FEEFF603-C8B6-43BE-90EA-2E2F02CA42FC}.Debug|Any CPU.ActiveCfg = Debug|x86
		{FEEFF603-C8B6-43BE-90EA-2E2F02CA42FC}.Debug|Any CPU.Build.0 = Debug|x86
		{FEEFF603-C8B6-43BE-90EA-2E2F02CA42FC}.Debug|Any CPU.Deploy.0 = Debug|x86
		{FEEFF603-C8B6-43BE-90EA-2E2F02CA42FC}.Debug|ARM.ActiveCfg = Debug|ARM
		{FEEFF603-C8B6-43BE-90EA-2E2F02CA42FC}.Debug|ARM.Build.0 = Debug|ARM
		{FEEFF603-C8B6-43BE-90EA-2E2F02CA42FC}.Debug|ARM.Deploy.0 = Debug|ARM
		{FEEFF603-C8B6-43BE-90EA-2E2F02CA42FC}.Debug|iPhone.ActiveCfg = Debug|x86
		{FEEFF603-C8B6-43BE-90EA-2E2F02CA42FC}.Debug|iPhone.Build.0 = Debug|x86
		{FEEFF603-C8B6-43BE-90EA-2E2F02CA42FC}.Debug|iPhone.Deploy.0 = Debug|x86
		{FEEFF603-C8B6-43BE-90EA-2E2F02CA42FC}.Debug|iPhoneSimulator.ActiveCfg = Debug|x86
		{FEEFF603-C8B6-43BE-90EA-2E2F02CA42FC}.Debug|iPhoneSimulator.Build.0 = Debug|x86
		{FEEFF603-C8B6-43BE-90EA-2E2F02CA42FC}.Debug|iPhoneSimulator.Deploy.0 = Debug|x86
		{FEEFF603-C8B6-43BE-90EA-2E2F02CA42FC}.Debug|x64.ActiveCfg = Debug|x64
		{FEEFF603-C8B6-43BE-90EA-2E2F02CA42FC}.Debug|x64.Build.0 = Debug|x64
		{FEEFF603-C8B6-43BE-90EA-2E2F02CA42FC}.Debug|x64.Deploy.0 = Debug|x64
		{FEEFF603-C8B6-43BE-90EA-2E2F02CA42FC}.Debug|x86.ActiveCfg = Debug|x86
		{FEEFF603-C8B6-43BE-90EA-2E2F02CA42FC}.Debug|x86.Build.0 = Debug|x86
		{FEEFF603-C8B6-43BE-90EA-2E2F02CA42FC}.Debug|x86.Deploy.0 = Debug|x86
		{FEEFF603-C8B6-43BE-90EA-2E2F02CA42FC}.Release|Any CPU.ActiveCfg = Release|x86
		{FEEFF603-C8B6-43BE-90EA-2E2F02CA42FC}.Release|Any CPU.Build.0 = Release|x86
		{FEEFF603-C8B6-43BE-90EA-2E2F02CA42FC}.Release|Any CPU.Deploy.0 = Release|x86
		{FEEFF603-C8B6-43BE-90EA-2E2F02CA42FC}.Release|ARM.ActiveCfg = Release|ARM
		{FEEFF603-C8B6-43BE-90EA-2E2F02CA42FC}.Release|ARM.Build.0 = Release|ARM
		{FEEFF603-C8B6-43BE-90EA-2E2F02CA42FC}.Release|ARM.Deploy.0 = Release|ARM
		{FEEFF603-C8B6-43BE-90EA-2E2F02CA42FC}.Release|iPhone.ActiveCfg = Release|x86
		{FEEFF603-C8B6-43BE-90EA-2E2F02CA42FC}.Release|iPhone.Build.0 = Release|x86
		{FEEFF603-C8B6-43BE-90EA-2E2F02CA42FC}.Release|iPhone.Deploy.0 = Release|x86
		{FEEFF603-C8B6-43BE-90EA-2E2F02CA42FC}.Release|iPhoneSimulator.ActiveCfg = Release|x86
		{FEEFF603-C8B6-43BE-90EA-2E2F02CA42FC}.Release|iPhoneSimulator.Build.0 = Release|x86
		{FEEFF603-C8B6-43BE-90EA-2E2F02CA42FC}.Release|iPhoneSimulator.Deploy.0 = Release|x86
		{FEEFF603-C8B6-43BE-90EA-2E2F02CA42FC}.Release|x64.ActiveCfg = Release|x64
		{FEEFF603-C8B6-43BE-90EA-2E2F02CA42FC}.Release|x64.Build.0 = Release|x64
		{FEEFF603-C8B6-43BE-90EA-2E2F02CA42FC}.Release|x64.Deploy.0 = Release|x64
		{FEEFF603-C8B6-43BE-90EA-2E2F02CA42FC}.Release|x86.ActiveCfg = Release|x86
		{FEEFF603-C8B6-43BE-90EA-2E2F02CA42FC}.Release|x86.Build.0 = Release|x86
		{FEEFF603-C8B6-43BE-90EA-2E2F02CA42FC}.Release|x86.Deploy.0 = Release|x86
		{14E55F90-A5A6-4F2E-9786-DC7C0BECE153}.Debug|Any CPU.ActiveCfg = Debug|Any CPU
		{14E55F90-A5A6-4F2E-9786-DC7C0BECE153}.Debug|Any CPU.Build.0 = Debug|Any CPU
		{14E55F90-A5A6-4F2E-9786-DC7C0BECE153}.Debug|Any CPU.Deploy.0 = Debug|Any CPU
		{14E55F90-A5A6-4F2E-9786-DC7C0BECE153}.Debug|ARM.ActiveCfg = Debug|Any CPU
		{14E55F90-A5A6-4F2E-9786-DC7C0BECE153}.Debug|ARM.Build.0 = Debug|Any CPU
		{14E55F90-A5A6-4F2E-9786-DC7C0BECE153}.Debug|ARM.Deploy.0 = Debug|Any CPU
		{14E55F90-A5A6-4F2E-9786-DC7C0BECE153}.Debug|iPhone.ActiveCfg = Debug|Any CPU
		{14E55F90-A5A6-4F2E-9786-DC7C0BECE153}.Debug|iPhone.Build.0 = Debug|Any CPU
		{14E55F90-A5A6-4F2E-9786-DC7C0BECE153}.Debug|iPhone.Deploy.0 = Debug|Any CPU
		{14E55F90-A5A6-4F2E-9786-DC7C0BECE153}.Debug|iPhoneSimulator.ActiveCfg = Debug|Any CPU
		{14E55F90-A5A6-4F2E-9786-DC7C0BECE153}.Debug|iPhoneSimulator.Build.0 = Debug|Any CPU
		{14E55F90-A5A6-4F2E-9786-DC7C0BECE153}.Debug|iPhoneSimulator.Deploy.0 = Debug|Any CPU
		{14E55F90-A5A6-4F2E-9786-DC7C0BECE153}.Debug|x64.ActiveCfg = Debug|Any CPU
		{14E55F90-A5A6-4F2E-9786-DC7C0BECE153}.Debug|x64.Build.0 = Debug|Any CPU
		{14E55F90-A5A6-4F2E-9786-DC7C0BECE153}.Debug|x64.Deploy.0 = Debug|Any CPU
		{14E55F90-A5A6-4F2E-9786-DC7C0BECE153}.Debug|x86.ActiveCfg = Debug|Any CPU
		{14E55F90-A5A6-4F2E-9786-DC7C0BECE153}.Debug|x86.Build.0 = Debug|Any CPU
		{14E55F90-A5A6-4F2E-9786-DC7C0BECE153}.Debug|x86.Deploy.0 = Debug|Any CPU
		{14E55F90-A5A6-4F2E-9786-DC7C0BECE153}.Release|Any CPU.ActiveCfg = Release|Any CPU
		{14E55F90-A5A6-4F2E-9786-DC7C0BECE153}.Release|Any CPU.Build.0 = Release|Any CPU
		{14E55F90-A5A6-4F2E-9786-DC7C0BECE153}.Release|Any CPU.Deploy.0 = Release|Any CPU
		{14E55F90-A5A6-4F2E-9786-DC7C0BECE153}.Release|ARM.ActiveCfg = Release|Any CPU
		{14E55F90-A5A6-4F2E-9786-DC7C0BECE153}.Release|ARM.Build.0 = Release|Any CPU
		{14E55F90-A5A6-4F2E-9786-DC7C0BECE153}.Release|ARM.Deploy.0 = Release|Any CPU
		{14E55F90-A5A6-4F2E-9786-DC7C0BECE153}.Release|iPhone.ActiveCfg = Release|Any CPU
		{14E55F90-A5A6-4F2E-9786-DC7C0BECE153}.Release|iPhone.Build.0 = Release|Any CPU
		{14E55F90-A5A6-4F2E-9786-DC7C0BECE153}.Release|iPhone.Deploy.0 = Release|Any CPU
		{14E55F90-A5A6-4F2E-9786-DC7C0BECE153}.Release|iPhoneSimulator.ActiveCfg = Release|Any CPU
		{14E55F90-A5A6-4F2E-9786-DC7C0BECE153}.Release|iPhoneSimulator.Build.0 = Release|Any CPU
		{14E55F90-A5A6-4F2E-9786-DC7C0BECE153}.Release|iPhoneSimulator.Deploy.0 = Release|Any CPU
		{14E55F90-A5A6-4F2E-9786-DC7C0BECE153}.Release|x64.ActiveCfg = Release|Any CPU
		{14E55F90-A5A6-4F2E-9786-DC7C0BECE153}.Release|x64.Build.0 = Release|Any CPU
		{14E55F90-A5A6-4F2E-9786-DC7C0BECE153}.Release|x64.Deploy.0 = Release|Any CPU
		{14E55F90-A5A6-4F2E-9786-DC7C0BECE153}.Release|x86.ActiveCfg = Release|Any CPU
		{14E55F90-A5A6-4F2E-9786-DC7C0BECE153}.Release|x86.Build.0 = Release|Any CPU
		{14E55F90-A5A6-4F2E-9786-DC7C0BECE153}.Release|x86.Deploy.0 = Release|Any CPU
		{62B62E6F-6A67-4A2A-875B-3B1852B3EA12}.Debug|Any CPU.ActiveCfg = Debug|iPhone
		{62B62E6F-6A67-4A2A-875B-3B1852B3EA12}.Debug|Any CPU.Build.0 = Debug|iPhone
		{62B62E6F-6A67-4A2A-875B-3B1852B3EA12}.Debug|Any CPU.Deploy.0 = Debug|iPhone
		{62B62E6F-6A67-4A2A-875B-3B1852B3EA12}.Debug|ARM.ActiveCfg = Debug|iPhone
		{62B62E6F-6A67-4A2A-875B-3B1852B3EA12}.Debug|ARM.Build.0 = Debug|iPhone
		{62B62E6F-6A67-4A2A-875B-3B1852B3EA12}.Debug|ARM.Deploy.0 = Debug|iPhone
		{62B62E6F-6A67-4A2A-875B-3B1852B3EA12}.Debug|iPhone.ActiveCfg = Debug|iPhone
		{62B62E6F-6A67-4A2A-875B-3B1852B3EA12}.Debug|iPhone.Build.0 = Debug|iPhone
		{62B62E6F-6A67-4A2A-875B-3B1852B3EA12}.Debug|iPhone.Deploy.0 = Debug|iPhone
		{62B62E6F-6A67-4A2A-875B-3B1852B3EA12}.Debug|iPhoneSimulator.ActiveCfg = Debug|iPhoneSimulator
		{62B62E6F-6A67-4A2A-875B-3B1852B3EA12}.Debug|iPhoneSimulator.Build.0 = Debug|iPhoneSimulator
		{62B62E6F-6A67-4A2A-875B-3B1852B3EA12}.Debug|iPhoneSimulator.Deploy.0 = Debug|iPhoneSimulator
		{62B62E6F-6A67-4A2A-875B-3B1852B3EA12}.Debug|x64.ActiveCfg = Debug|iPhone
		{62B62E6F-6A67-4A2A-875B-3B1852B3EA12}.Debug|x64.Build.0 = Debug|iPhone
		{62B62E6F-6A67-4A2A-875B-3B1852B3EA12}.Debug|x64.Deploy.0 = Debug|iPhone
		{62B62E6F-6A67-4A2A-875B-3B1852B3EA12}.Debug|x86.ActiveCfg = Debug|iPhone
		{62B62E6F-6A67-4A2A-875B-3B1852B3EA12}.Debug|x86.Build.0 = Debug|iPhone
		{62B62E6F-6A67-4A2A-875B-3B1852B3EA12}.Debug|x86.Deploy.0 = Debug|iPhone
		{62B62E6F-6A67-4A2A-875B-3B1852B3EA12}.Release|Any CPU.ActiveCfg = Release|iPhone
		{62B62E6F-6A67-4A2A-875B-3B1852B3EA12}.Release|Any CPU.Build.0 = Release|iPhone
		{62B62E6F-6A67-4A2A-875B-3B1852B3EA12}.Release|Any CPU.Deploy.0 = Release|iPhone
		{62B62E6F-6A67-4A2A-875B-3B1852B3EA12}.Release|ARM.ActiveCfg = Release|iPhone
		{62B62E6F-6A67-4A2A-875B-3B1852B3EA12}.Release|ARM.Build.0 = Release|iPhone
		{62B62E6F-6A67-4A2A-875B-3B1852B3EA12}.Release|ARM.Deploy.0 = Release|iPhone
		{62B62E6F-6A67-4A2A-875B-3B1852B3EA12}.Release|iPhone.ActiveCfg = Release|iPhone
		{62B62E6F-6A67-4A2A-875B-3B1852B3EA12}.Release|iPhone.Build.0 = Release|iPhone
		{62B62E6F-6A67-4A2A-875B-3B1852B3EA12}.Release|iPhone.Deploy.0 = Release|iPhone
		{62B62E6F-6A67-4A2A-875B-3B1852B3EA12}.Release|iPhoneSimulator.ActiveCfg = Release|iPhoneSimulator
		{62B62E6F-6A67-4A2A-875B-3B1852B3EA12}.Release|iPhoneSimulator.Build.0 = Release|iPhoneSimulator
		{62B62E6F-6A67-4A2A-875B-3B1852B3EA12}.Release|iPhoneSimulator.Deploy.0 = Release|iPhoneSimulator
		{62B62E6F-6A67-4A2A-875B-3B1852B3EA12}.Release|x64.ActiveCfg = Release|iPhone
		{62B62E6F-6A67-4A2A-875B-3B1852B3EA12}.Release|x64.Build.0 = Release|iPhone
		{62B62E6F-6A67-4A2A-875B-3B1852B3EA12}.Release|x64.Deploy.0 = Release|iPhone
		{62B62E6F-6A67-4A2A-875B-3B1852B3EA12}.Release|x86.ActiveCfg = Release|iPhone
		{62B62E6F-6A67-4A2A-875B-3B1852B3EA12}.Release|x86.Build.0 = Release|iPhone
		{62B62E6F-6A67-4A2A-875B-3B1852B3EA12}.Release|x86.Deploy.0 = Release|iPhone
		{07DDF326-5492-4E52-B6A2-C67D75E73AC9}.Debug|Any CPU.ActiveCfg = Debug|Any CPU
		{07DDF326-5492-4E52-B6A2-C67D75E73AC9}.Debug|Any CPU.Build.0 = Debug|Any CPU
		{07DDF326-5492-4E52-B6A2-C67D75E73AC9}.Debug|Any CPU.Deploy.0 = Debug|Any CPU
		{07DDF326-5492-4E52-B6A2-C67D75E73AC9}.Debug|ARM.ActiveCfg = Debug|Any CPU
		{07DDF326-5492-4E52-B6A2-C67D75E73AC9}.Debug|ARM.Build.0 = Debug|Any CPU
		{07DDF326-5492-4E52-B6A2-C67D75E73AC9}.Debug|ARM.Deploy.0 = Debug|Any CPU
		{07DDF326-5492-4E52-B6A2-C67D75E73AC9}.Debug|iPhone.ActiveCfg = Debug|Any CPU
		{07DDF326-5492-4E52-B6A2-C67D75E73AC9}.Debug|iPhone.Build.0 = Debug|Any CPU
		{07DDF326-5492-4E52-B6A2-C67D75E73AC9}.Debug|iPhone.Deploy.0 = Debug|Any CPU
		{07DDF326-5492-4E52-B6A2-C67D75E73AC9}.Debug|iPhoneSimulator.ActiveCfg = Debug|Any CPU
		{07DDF326-5492-4E52-B6A2-C67D75E73AC9}.Debug|iPhoneSimulator.Build.0 = Debug|Any CPU
		{07DDF326-5492-4E52-B6A2-C67D75E73AC9}.Debug|iPhoneSimulator.Deploy.0 = Debug|Any CPU
		{07DDF326-5492-4E52-B6A2-C67D75E73AC9}.Debug|x64.ActiveCfg = Debug|Any CPU
		{07DDF326-5492-4E52-B6A2-C67D75E73AC9}.Debug|x64.Build.0 = Debug|Any CPU
		{07DDF326-5492-4E52-B6A2-C67D75E73AC9}.Debug|x64.Deploy.0 = Debug|Any CPU
		{07DDF326-5492-4E52-B6A2-C67D75E73AC9}.Debug|x86.ActiveCfg = Debug|Any CPU
		{07DDF326-5492-4E52-B6A2-C67D75E73AC9}.Debug|x86.Build.0 = Debug|Any CPU
		{07DDF326-5492-4E52-B6A2-C67D75E73AC9}.Debug|x86.Deploy.0 = Debug|Any CPU
		{07DDF326-5492-4E52-B6A2-C67D75E73AC9}.Release|Any CPU.ActiveCfg = Release|Any CPU
		{07DDF326-5492-4E52-B6A2-C67D75E73AC9}.Release|Any CPU.Build.0 = Release|Any CPU
		{07DDF326-5492-4E52-B6A2-C67D75E73AC9}.Release|Any CPU.Deploy.0 = Release|Any CPU
		{07DDF326-5492-4E52-B6A2-C67D75E73AC9}.Release|ARM.ActiveCfg = Release|Any CPU
		{07DDF326-5492-4E52-B6A2-C67D75E73AC9}.Release|ARM.Build.0 = Release|Any CPU
		{07DDF326-5492-4E52-B6A2-C67D75E73AC9}.Release|ARM.Deploy.0 = Release|Any CPU
		{07DDF326-5492-4E52-B6A2-C67D75E73AC9}.Release|iPhone.ActiveCfg = Release|Any CPU
		{07DDF326-5492-4E52-B6A2-C67D75E73AC9}.Release|iPhone.Build.0 = Release|Any CPU
		{07DDF326-5492-4E52-B6A2-C67D75E73AC9}.Release|iPhone.Deploy.0 = Release|Any CPU
		{07DDF326-5492-4E52-B6A2-C67D75E73AC9}.Release|iPhoneSimulator.ActiveCfg = Release|Any CPU
		{07DDF326-5492-4E52-B6A2-C67D75E73AC9}.Release|iPhoneSimulator.Build.0 = Release|Any CPU
		{07DDF326-5492-4E52-B6A2-C67D75E73AC9}.Release|iPhoneSimulator.Deploy.0 = Release|Any CPU
		{07DDF326-5492-4E52-B6A2-C67D75E73AC9}.Release|x64.ActiveCfg = Release|Any CPU
		{07DDF326-5492-4E52-B6A2-C67D75E73AC9}.Release|x64.Build.0 = Release|Any CPU
		{07DDF326-5492-4E52-B6A2-C67D75E73AC9}.Release|x64.Deploy.0 = Release|Any CPU
		{07DDF326-5492-4E52-B6A2-C67D75E73AC9}.Release|x86.ActiveCfg = Release|Any CPU
		{07DDF326-5492-4E52-B6A2-C67D75E73AC9}.Release|x86.Build.0 = Release|Any CPU
		{07DDF326-5492-4E52-B6A2-C67D75E73AC9}.Release|x86.Deploy.0 = Release|Any CPU
	EndGlobalSection
	GlobalSection(SolutionProperties) = preSolution
		HideSolutionNode = FALSE
	EndGlobalSection
	GlobalSection(ExtensibilityGlobals) = postSolution
		SolutionGuid = {183D118A-33E3-4F1A-83D0-F94D47EA1DE3}
	EndGlobalSection
EndGlobal
